
Microsoft Visual Studio Solution File, Format Version 12.00
# Visual Studio Version 16
VisualStudioVersion = 16.0.31112.23
MinimumVisualStudioVersion = 10.0.40219.1
Project("{9A19103F-16F7-4668-BE54-9A1E7A4F7556}") = "CustomNeuralNetwork", "CustomNeuralNetwork\CustomNeuralNetwork.csproj", "{7BC5626A-9FF4-42E3-BF3A-5F969D4C9D01}"
EndProject
Project("{9A19103F-16F7-4668-BE54-9A1E7A4F7556}") = "CustomNeuralNetworkTests", "CustomNeuralNetworkTests\CustomNeuralNetworkTests.csproj", "{19A51217-B15F-43E7-88E5-56D7D4200873}"
EndProject
Project("{2150E333-8FDC-42A3-9474-1A3956D46DE8}") = "Solution Items", "Solution Items", "{56AE49D7-01A1-4C58-A101-239D496558D3}"
	ProjectSection(SolutionItems) = preProject
		.editorconfig = .editorconfig
	EndProjectSection
EndProject
Global
	GlobalSection(SolutionConfigurationPlatforms) = preSolution
		Debug|Any CPU = Debug|Any CPU
		Release|Any CPU = Release|Any CPU
	EndGlobalSection
	GlobalSection(ProjectConfigurationPlatforms) = postSolution
		{7BC5626A-9FF4-42E3-BF3A-5F969D4C9D01}.Debug|Any CPU.ActiveCfg = Debug|Any CPU
		{7BC5626A-9FF4-42E3-BF3A-5F969D4C9D01}.Debug|Any CPU.Build.0 = Debug|Any CPU
		{7BC5626A-9FF4-42E3-BF3A-5F969D4C9D01}.Release|Any CPU.ActiveCfg = Release|Any CPU
		{7BC5626A-9FF4-42E3-BF3A-5F969D4C9D01}.Release|Any CPU.Build.0 = Release|Any CPU
		{19A51217-B15F-43E7-88E5-56D7D4200873}.Debug|Any CPU.ActiveCfg = Debug|Any CPU
		{19A51217-B15F-43E7-88E5-56D7D4200873}.Debug|Any CPU.Build.0 = Debug|Any CPU
		{19A51217-B15F-43E7-88E5-56D7D4200873}.Release|Any CPU.ActiveCfg = Release|Any CPU
		{19A51217-B15F-43E7-88E5-56D7D4200873}.Release|Any CPU.Build.0 = Release|Any CPU
	EndGlobalSection
	GlobalSection(SolutionProperties) = preSolution
		HideSolutionNode = FALSE
	EndGlobalSection
	GlobalSection(ExtensibilityGlobals) = postSolution
		SolutionGuid = {9121D840-403E-49F0-90CE-85D072C749F9}
	EndGlobalSection
EndGlobal
